PODS:
  - CocoaAsyncSocket (7.6.4)
  - KissXML (5.3.1):
    - KissXML/All (= 5.3.1)
  - KissXML/Additions (5.3.1):
    - KissXML/Core
  - KissXML/All (5.3.1):
    - KissXML/Additions
    - KissXML/Core
  - KissXML/Core (5.3.1)
  - SSKeychain (1.4.0)
  - Toast (4.0.0)

DEPENDENCIES:
  - CocoaAsyncSocket (= 7.6.4)
  - KissXML (= 5.3.1)
  - SSKeychain (= 1.4.0)
  - Toast (= 4.0.0)

SPEC REPOS:
  trunk:
    - CocoaAsyncSocket
    - KissXML
    - SSKeychain
    - Toast

SPEC CHECKSUMS:
  CocoaAsyncSocket: 694058e7c0ed05a9e217d1b3c7ded962f4180845
  KissXML: 5c8e0f2e8b9f071d3e1ae123dec3eb5da615c10c
  SSKeychain: c71293fa57216a40ab06c23f4085387583293de4
  Toast: 91b396c56ee72a5790816f40d3a94dd357abc196

PODFILE CHECKSUM: 9c8ce54e2ef52e4bf6690049679278e502b825c3

COCOAPODS: 1.10.1
