// !$*UTF8*$!
{
	archiveVersion = 1;
	classes = {
	};
	objectVersion = 46;
	objects = {

/* Begin PBXBuildFile section */
		CB34DB371CA81FDF00B9D5C3 /* ConnectionSettingsViewController.xib in Resources */ = {isa = PBXBuildFile; fileRef = CB34DB3A1CA81FDF00B9D5C3 /* ConnectionSettingsViewController.xib */; };
		CB34DB381CA81FDF00B9D5C3 /* ConnectionSettingsViewController.xib in Resources */ = {isa = PBXBuildFile; fileRef = CB34DB3A1CA81FDF00B9D5C3 /* ConnectionSettingsViewController.xib */; };
		CB3CA7B41C69168C007D48EA /* ConnectingViewController.m in Sources */ = {isa = PBXBuildFile; fileRef = CB3CA7B31C69168C007D48EA /* ConnectingViewController.m */; };
		CB3CA7B71C6917EB007D48EA /* ConnectionSettingsViewController.m in Sources */ = {isa = PBXBuildFile; fileRef = CB3CA7B61C6917EB007D48EA /* ConnectionSettingsViewController.m */; };
		CB3CA7BA1C691AF6007D48EA /* RemoteStandardViewController.m in Sources */ = {isa = PBXBuildFile; fileRef = CB3CA7B91C691AF6007D48EA /* RemoteStandardViewController.m */; };
		CB66515D1C7A400D004ABF96 /* BoxeeConnectionManager.m in Sources */ = {isa = PBXBuildFile; fileRef = CB66515C1C7A400D004ABF96 /* BoxeeConnectionManager.m */; };
		CB879BFA1C4C60F800B1CDB9 /* AppBaseViewController.m in Sources */ = {isa = PBXBuildFile; fileRef = CB879BF91C4C60F800B1CDB9 /* AppBaseViewController.m */; };
		CB8DE7BC1C4BCCCD004D8C67 /* main.m in Sources */ = {isa = PBXBuildFile; fileRef = CB8DE7BB1C4BCCCD004D8C67 /* main.m */; };
		CB8DE7BF1C4BCCCD004D8C67 /* AppDelegate.m in Sources */ = {isa = PBXBuildFile; fileRef = CB8DE7BE1C4BCCCD004D8C67 /* AppDelegate.m */; };
		CBA0634C1C4BE74600CEBCA7 /* appAssets.xcassets in Resources */ = {isa = PBXBuildFile; fileRef = CBA0634B1C4BE74600CEBCA7 /* appAssets.xcassets */; };
		CBD0FBD71CA731F500C26FF3 /* ConnectingViewController.m in Sources */ = {isa = PBXBuildFile; fileRef = CB3CA7B31C69168C007D48EA /* ConnectingViewController.m */; };
		CBD0FBD81CA731F500C26FF3 /* ViewControllerRouter.m in Sources */ = {isa = PBXBuildFile; fileRef = CBD5CEE31C9465FD005966BC /* ViewControllerRouter.m */; };
		CBD0FBD91CA731F500C26FF3 /* RemoteStandardViewController.m in Sources */ = {isa = PBXBuildFile; fileRef = CB3CA7B91C691AF6007D48EA /* RemoteStandardViewController.m */; };
		CBD0FBDA1CA731F500C26FF3 /* BoxeeConnectionManager.m in Sources */ = {isa = PBXBuildFile; fileRef = CB66515C1C7A400D004ABF96 /* BoxeeConnectionManager.m */; };
		CBD0FBDB1CA731F500C26FF3 /* AppBaseViewController.m in Sources */ = {isa = PBXBuildFile; fileRef = CB879BF91C4C60F800B1CDB9 /* AppBaseViewController.m */; };
		CBD0FBDC1CA731F500C26FF3 /* ConnectionSettingsViewController.m in Sources */ = {isa = PBXBuildFile; fileRef = CB3CA7B61C6917EB007D48EA /* ConnectionSettingsViewController.m */; };
		CBD0FBDD1CA731F500C26FF3 /* AppDelegate.m in Sources */ = {isa = PBXBuildFile; fileRef = CB8DE7BE1C4BCCCD004D8C67 /* AppDelegate.m */; };
		CBD0FBDE1CA731F500C26FF3 /* main.m in Sources */ = {isa = PBXBuildFile; fileRef = CB8DE7BB1C4BCCCD004D8C67 /* main.m */; };
		CBD0FBE21CA731F500C26FF3 /* appAssets.xcassets in Resources */ = {isa = PBXBuildFile; fileRef = CBA0634B1C4BE74600CEBCA7 /* appAssets.xcassets */; };
		CBD5CEE41C9465FD005966BC /* ViewControllerRouter.m in Sources */ = {isa = PBXBuildFile; fileRef = CBD5CEE31C9465FD005966BC /* ViewControllerRouter.m */; };
/* End PBXBuildFile section */

/* Begin PBXFileReference section */
		CB3CA7B21C69168C007D48EA /* ConnectingViewController.h */ = {isa = PBXFileReference; fileEncoding = 4; lastKnownFileType = sourcecode.c.h; path = ConnectingViewController.h; sourceTree = "<group>"; };
		CB3CA7B31C69168C007D48EA /* ConnectingViewController.m */ = {isa = PBXFileReference; fileEncoding = 4; lastKnownFileType = sourcecode.c.objc; path = ConnectingViewController.m; sourceTree = "<group>"; };
		CB3CA7B51C6917EB007D48EA /* ConnectionSettingsViewController.h */ = {isa = PBXFileReference; fileEncoding = 4; lastKnownFileType = sourcecode.c.h; path = ConnectionSettingsViewController.h; sourceTree = "<group>"; };
		CB3CA7B61C6917EB007D48EA /* ConnectionSettingsViewController.m */ = {isa = PBXFileReference; fileEncoding = 4; lastKnownFileType = sourcecode.c.objc; path = ConnectionSettingsViewController.m; sourceTree = "<group>"; };
		CB3CA7B81C691AF6007D48EA /* RemoteStandardViewController.h */ = {isa = PBXFileReference; fileEncoding = 4; lastKnownFileType = sourcecode.c.h; path = RemoteStandardViewController.h; sourceTree = "<group>"; };
		CB3CA7B91C691AF6007D48EA /* RemoteStandardViewController.m */ = {isa = PBXFileReference; fileEncoding = 4; lastKnownFileType = sourcecode.c.objc; path = RemoteStandardViewController.m; sourceTree = "<group>"; };
		CB6651581C7A3B40004ABF96 /* BoxeeState.h */ = {isa = PBXFileReference; lastKnownFileType = sourcecode.c.h; path = BoxeeState.h; sourceTree = "<group>"; };
		CB6651591C7A3DA6004ABF96 /* BoxeeConnection.h */ = {isa = PBXFileReference; lastKnownFileType = sourcecode.c.h; path = BoxeeConnection.h; sourceTree = "<group>"; };
		CB66515B1C7A3ED7004ABF96 /* BoxeeConnectionManager.h */ = {isa = PBXFileReference; lastKnownFileType = sourcecode.c.h; path = BoxeeConnectionManager.h; sourceTree = "<group>"; };
		CB66515C1C7A400D004ABF96 /* BoxeeConnectionManager.m */ = {isa = PBXFileReference; fileEncoding = 4; lastKnownFileType = sourcecode.c.objc; path = BoxeeConnectionManager.m; sourceTree = "<group>"; };
		CB66515F1C7A4EA7004ABF96 /* BoxeeConnectionDelegate.h */ = {isa = PBXFileReference; lastKnownFileType = sourcecode.c.h; path = BoxeeConnectionDelegate.h; sourceTree = "<group>"; };
		CB879BF81C4C60F800B1CDB9 /* AppBaseViewController.h */ = {isa = PBXFileReference; fileEncoding = 4; lastKnownFileType = sourcecode.c.h; path = AppBaseViewController.h; sourceTree = "<group>"; };
		CB879BF91C4C60F800B1CDB9 /* AppBaseViewController.m */ = {isa = PBXFileReference; fileEncoding = 4; lastKnownFileType = sourcecode.c.objc; path = AppBaseViewController.m; sourceTree = "<group>"; };
		CB8DE7B71C4BCCCD004D8C67 /* BoxeeRemote iPod_iOS6.app */ = {isa = PBXFileReference; explicitFileType = wrapper.application; includeInIndex = 0; path = "BoxeeRemote iPod_iOS6.app"; sourceTree = BUILT_PRODUCTS_DIR; };
		CB8DE7BB1C4BCCCD004D8C67 /* main.m */ = {isa = PBXFileReference; lastKnownFileType = sourcecode.c.objc; path = main.m; sourceTree = "<group>"; };
		CB8DE7BD1C4BCCCD004D8C67 /* AppDelegate.h */ = {isa = PBXFileReference; lastKnownFileType = sourcecode.c.h; path = AppDelegate.h; sourceTree = "<group>"; };
		CB8DE7BE1C4BCCCD004D8C67 /* AppDelegate.m */ = {isa = PBXFileReference; lastKnownFileType = sourcecode.c.objc; path = AppDelegate.m; sourceTree = "<group>"; };
		CB8DE7CB1C4BCCCE004D8C67 /* Info.plist */ = {isa = PBXFileReference; lastKnownFileType = text.plist.xml; path = Info.plist; sourceTree = "<group>"; };
		CBA0634B1C4BE74600CEBCA7 /* appAssets.xcassets */ = {isa = PBXFileReference; lastKnownFileType = folder.assetcatalog; path = appAssets.xcassets; sourceTree = "<group>"; };
		CBD0FBE61CA731F500C26FF3 /* BoxeeRemote iPhone5c.app */ = {isa = PBXFileReference; explicitFileType = wrapper.application; includeInIndex = 0; path = "BoxeeRemote iPhone5c.app"; sourceTree = BUILT_PRODUCTS_DIR; };
		CBD5CEE21C94656D005966BC /* ViewControllerRouter.h */ = {isa = PBXFileReference; lastKnownFileType = sourcecode.c.h; path = ViewControllerRouter.h; sourceTree = "<group>"; };
		CBD5CEE31C9465FD005966BC /* ViewControllerRouter.m */ = {isa = PBXFileReference; fileEncoding = 4; lastKnownFileType = sourcecode.c.objc; path = ViewControllerRouter.m; sourceTree = "<group>"; };
		CBE14F671CA8746200C76936 /* Base */ = {isa = PBXFileReference; lastKnownFileType = file.xib; name = Base; path = Base.lproj/ConnectionSettingsViewController.xib; sourceTree = "<group>"; };
		CBE14F691CA89E1100C76936 /* pt-BR */ = {isa = PBXFileReference; lastKnownFileType = text.plist.strings; name = "pt-BR"; path = "pt-BR.lproj/ConnectionSettingsViewController.strings"; sourceTree = "<group>"; };
/* End PBXFileReference section */

/* Begin PBXFrameworksBuildPhase section */
		CB8DE7B41C4BCCCC004D8C67 /* Frameworks */ = {
			isa = PBXFrameworksBuildPhase;
			buildActionMask = 2147483647;
			files = (
			);
			runOnlyForDeploymentPostprocessing = 0;
		};
		CBD0FBDF1CA731F500C26FF3 /* Frameworks */ = {
			isa = PBXFrameworksBuildPhase;
			buildActionMask = 2147483647;
			files = (
			);
			runOnlyForDeploymentPostprocessing = 0;
		};
/* End PBXFrameworksBuildPhase section */

/* Begin PBXGroup section */
		CB66515A1C7A3EA9004ABF96 /* Services */ = {
			isa = PBXGroup;
			children = (
				CB66515B1C7A3ED7004ABF96 /* BoxeeConnectionManager.h */,
				CB66515C1C7A400D004ABF96 /* BoxeeConnectionManager.m */,
			);
			path = Services;
			sourceTree = "<group>";
		};
		CB66515E1C7A4B34004ABF96 /* Delegates */ = {
			isa = PBXGroup;
			children = (
				CB66515F1C7A4EA7004ABF96 /* BoxeeConnectionDelegate.h */,
			);
			path = Delegates;
			sourceTree = "<group>";
		};
		CB8DE7AE1C4BCCCC004D8C67 = {
			isa = PBXGroup;
			children = (
				CB8DE7B91C4BCCCD004D8C67 /* BoxeeRemote */,
				CB8DE7B81C4BCCCD004D8C67 /* Products */,
			);
			sourceTree = "<group>";
		};
		CB8DE7B81C4BCCCD004D8C67 /* Products */ = {
			isa = PBXGroup;
			children = (
				CB8DE7B71C4BCCCD004D8C67 /* BoxeeRemote iPod_iOS6.app */,
				CBD0FBE61CA731F500C26FF3 /* BoxeeRemote iPhone5c.app */,
			);
			name = Products;
			sourceTree = "<group>";
		};
		CB8DE7B91C4BCCCD004D8C67 /* BoxeeRemote */ = {
			isa = PBXGroup;
			children = (
				CBA063441C4BDD5600CEBCA7 /* Controllers */,
				CB66515E1C7A4B34004ABF96 /* Delegates */,
				CBA063451C4BDD8500CEBCA7 /* Models */,
				CBA063461C4BDDB200CEBCA7 /* Resources */,
				CB66515A1C7A3EA9004ABF96 /* Services */,
				CB8DE7BD1C4BCCCD004D8C67 /* AppDelegate.h */,
				CB8DE7BE1C4BCCCD004D8C67 /* AppDelegate.m */,
				CB8DE7CB1C4BCCCE004D8C67 /* Info.plist */,
				CB8DE7BB1C4BCCCD004D8C67 /* main.m */,
			);
			path = BoxeeRemote;
			sourceTree = "<group>";
		};
		CBA063441C4BDD5600CEBCA7 /* Controllers */ = {
			isa = PBXGroup;
			children = (
				CB879BF81C4C60F800B1CDB9 /* AppBaseViewController.h */,
				CB879BF91C4C60F800B1CDB9 /* AppBaseViewController.m */,
				CB3CA7B21C69168C007D48EA /* ConnectingViewController.h */,
				CB3CA7B31C69168C007D48EA /* ConnectingViewController.m */,
				CB3CA7B51C6917EB007D48EA /* ConnectionSettingsViewController.h */,
				CB3CA7B61C6917EB007D48EA /* ConnectionSettingsViewController.m */,
				CB34DB3A1CA81FDF00B9D5C3 /* ConnectionSettingsViewController.xib */,
				CB3CA7B81C691AF6007D48EA /* RemoteStandardViewController.h */,
				CB3CA7B91C691AF6007D48EA /* RemoteStandardViewController.m */,
				CBD5CEE21C94656D005966BC /* ViewControllerRouter.h */,
				CBD5CEE31C9465FD005966BC /* ViewControllerRouter.m */,
			);
			path = Controllers;
			sourceTree = "<group>";
		};
		CBA063451C4BDD8500CEBCA7 /* Models */ = {
			isa = PBXGroup;
			children = (
				CB6651591C7A3DA6004ABF96 /* BoxeeConnection.h */,
				CB6651581C7A3B40004ABF96 /* BoxeeState.h */,
			);
			path = Models;
			sourceTree = "<group>";
		};
		CBA063461C4BDDB200CEBCA7 /* Resources */ = {
			isa = PBXGroup;
			children = (
				CBA063471C4BDDB200CEBCA7 /* Catalogs */,
			);
			path = Resources;
			sourceTree = "<group>";
		};
		CBA063471C4BDDB200CEBCA7 /* Catalogs */ = {
			isa = PBXGroup;
			children = (
				CBA0634B1C4BE74600CEBCA7 /* appAssets.xcassets */,
			);
			path = Catalogs;
			sourceTree = "<group>";
		};
/* End PBXGroup section */

/* Begin PBXNativeTarget section */
		CB8DE7B61C4BCCCC004D8C67 /* BoxeeRemote iPod_iOS6 */ = {
			isa = PBXNativeTarget;
			buildConfigurationList = CB8DE7CE1C4BCCCE004D8C67 /* Build configuration list for PBXNativeTarget "BoxeeRemote iPod_iOS6" */;
			buildPhases = (
				CB8DE7B31C4BCCCC004D8C67 /* Sources */,
				CB8DE7B41C4BCCCC004D8C67 /* Frameworks */,
				CB8DE7B51C4BCCCC004D8C67 /* Resources */,
			);
			buildRules = (
			);
			dependencies = (
			);
			name = "BoxeeRemote iPod_iOS6";
			productName = BoxeeRemote;
			productReference = CB8DE7B71C4BCCCD004D8C67 /* BoxeeRemote iPod_iOS6.app */;
			productType = "com.apple.product-type.application";
		};
		CBD0FBD51CA731F500C26FF3 /* BoxeeRemote iPhone5c */ = {
			isa = PBXNativeTarget;
			buildConfigurationList = CBD0FBE31CA731F500C26FF3 /* Build configuration list for PBXNativeTarget "BoxeeRemote iPhone5c" */;
			buildPhases = (
				CBD0FBD61CA731F500C26FF3 /* Sources */,
				CBD0FBDF1CA731F500C26FF3 /* Frameworks */,
				CBD0FBE01CA731F500C26FF3 /* Resources */,
			);
			buildRules = (
			);
			dependencies = (
			);
			name = "BoxeeRemote iPhone5c";
			productName = BoxeeRemote;
			productReference = CBD0FBE61CA731F500C26FF3 /* BoxeeRemote iPhone5c.app */;
			productType = "com.apple.product-type.application";
		};
/* End PBXNativeTarget section */

/* Begin PBXProject section */
		CB8DE7AF1C4BCCCC004D8C67 /* Project object */ = {
			isa = PBXProject;
			attributes = {
				CLASSPREFIX = "";
				LastUpgradeCheck = 0720;
				ORGANIZATIONNAME = "Digital Streams";
				TargetAttributes = {
					CB8DE7B61C4BCCCC004D8C67 = {
						CreatedOnToolsVersion = 7.2;
						DevelopmentTeam = 7G8JJ3WHW6;
					};
					CBD0FBD51CA731F500C26FF3 = {
						DevelopmentTeam = 7G8JJ3WHW6;
					};
				};
			};
			buildConfigurationList = CB8DE7B21C4BCCCC004D8C67 /* Build configuration list for PBXProject "BoxeeRemote" */;
			compatibilityVersion = "Xcode 3.2";
			developmentRegion = English;
			hasScannedForEncodings = 0;
			knownRegions = (
				en,
				Base,
				"pt-BR",
			);
			mainGroup = CB8DE7AE1C4BCCCC004D8C67;
			productRefGroup = CB8DE7B81C4BCCCD004D8C67 /* Products */;
			projectDirPath = "";
			projectRoot = "";
			targets = (
				CB8DE7B61C4BCCCC004D8C67 /* BoxeeRemote iPod_iOS6 */,
				CBD0FBD51CA731F500C26FF3 /* BoxeeRemote iPhone5c */,
			);
		};
/* End PBXProject section */

/* Begin PBXResourcesBuildPhase section */
		CB8DE7B51C4BCCCC004D8C67 /* Resources */ = {
			isa = PBXResourcesBuildPhase;
			buildActionMask = 2147483647;
			files = (
				CB34DB371CA81FDF00B9D5C3 /* ConnectionSettingsViewController.xib in Resources */,
				CBA0634C1C4BE74600CEBCA7 /* appAssets.xcassets in Resources */,
			);
			runOnlyForDeploymentPostprocessing = 0;
		};
		CBD0FBE01CA731F500C26FF3 /* Resources */ = {
			isa = PBXResourcesBuildPhase;
			buildActionMask = 2147483647;
			files = (
				CB34DB381CA81FDF00B9D5C3 /* ConnectionSettingsViewController.xib in Resources */,
				CBD0FBE21CA731F500C26FF3 /* appAssets.xcassets in Resources */,
			);
			runOnlyForDeploymentPostprocessing = 0;
		};
/* End PBXResourcesBuildPhase section */

/* Begin PBXSourcesBuildPhase section */
		CB8DE7B31C4BCCCC004D8C67 /* Sources */ = {
			isa = PBXSourcesBuildPhase;
			buildActionMask = 2147483647;
			files = (
				CB3CA7B41C69168C007D48EA /* ConnectingViewController.m in Sources */,
				CBD5CEE41C9465FD005966BC /* ViewControllerRouter.m in Sources */,
				CB3CA7BA1C691AF6007D48EA /* RemoteStandardViewController.m in Sources */,
				CB66515D1C7A400D004ABF96 /* BoxeeConnectionManager.m in Sources */,
				CB879BFA1C4C60F800B1CDB9 /* AppBaseViewController.m in Sources */,
				CB3CA7B71C6917EB007D48EA /* ConnectionSettingsViewController.m in Sources */,
				CB8DE7BF1C4BCCCD004D8C67 /* AppDelegate.m in Sources */,
				CB8DE7BC1C4BCCCD004D8C67 /* main.m in Sources */,
			);
			runOnlyForDeploymentPostprocessing = 0;
		};
		CBD0FBD61CA731F500C26FF3 /* Sources */ = {
			isa = PBXSourcesBuildPhase;
			buildActionMask = 2147483647;
			files = (
				CBD0FBD71CA731F500C26FF3 /* ConnectingViewController.m in Sources */,
				CBD0FBD81CA731F500C26FF3 /* ViewControllerRouter.m in Sources */,
				CBD0FBD91CA731F500C26FF3 /* RemoteStandardViewController.m in Sources */,
				CBD0FBDA1CA731F500C26FF3 /* BoxeeConnectionManager.m in Sources */,
				CBD0FBDB1CA731F500C26FF3 /* AppBaseViewController.m in Sources */,
				CBD0FBDC1CA731F500C26FF3 /* ConnectionSettingsViewController.m in Sources */,
				CBD0FBDD1CA731F500C26FF3 /* AppDelegate.m in Sources */,
				CBD0FBDE1CA731F500C26FF3 /* main.m in Sources */,
			);
			runOnlyForDeploymentPostprocessing = 0;
		};
/* End PBXSourcesBuildPhase section */

/* Begin PBXVariantGroup section */
		CB34DB3A1CA81FDF00B9D5C3 /* ConnectionSettingsViewController.xib */ = {
			isa = PBXVariantGroup;
			children = (
				CBE14F671CA8746200C76936 /* Base */,
				CBE14F691CA89E1100C76936 /* pt-BR */,
			);
			name = ConnectionSettingsViewController.xib;
			sourceTree = "<group>";
		};
/* End PBXVariantGroup section */

/* Begin XCBuildConfiguration section */
		CB8DE7CC1C4BCCCE004D8C67 /* Debug */ = {
			isa = XCBuildConfiguration;
			buildSettings = {
				ALWAYS_SEARCH_USER_PATHS = NO;
				CLANG_CXX_LANGUAGE_STANDARD = "gnu++0x";
				CLANG_CXX_LIBRARY = "libc++";
				CLANG_ENABLE_MODULES = YES;
				CLANG_ENABLE_OBJC_ARC = YES;
				CLANG_WARN_BOOL_CONVERSION = YES;
				CLANG_WARN_CONSTANT_CONVERSION = YES;
				CLANG_WARN_DIRECT_OBJC_ISA_USAGE = YES_ERROR;
				CLANG_WARN_EMPTY_BODY = YES;
				CLANG_WARN_ENUM_CONVERSION = YES;
				CLANG_WARN_INT_CONVERSION = YES;
				CLANG_WARN_OBJC_ROOT_CLASS = YES_ERROR;
				CLANG_WARN_UNREACHABLE_CODE = YES;
				CLANG_WARN__DUPLICATE_METHOD_MATCH = YES;
				"CODE_SIGN_IDENTITY[sdk=iphoneos*]" = "iPhone Developer";
				COPY_PHASE_STRIP = NO;
				DEBUG_INFORMATION_FORMAT = dwarf;
				ENABLE_STRICT_OBJC_MSGSEND = YES;
				ENABLE_TESTABILITY = YES;
				GCC_C_LANGUAGE_STANDARD = gnu99;
				GCC_DYNAMIC_NO_PIC = NO;
				GCC_NO_COMMON_BLOCKS = YES;
				GCC_OPTIMIZATION_LEVEL = 0;
				GCC_PREPROCESSOR_DEFINITIONS = (
					"DEBUG=1",
					"$(inherited)",
				);
				GCC_WARN_64_TO_32_BIT_CONVERSION = YES;
				GCC_WARN_ABOUT_RETURN_TYPE = YES_ERROR;
				GCC_WARN_UNDECLARED_SELECTOR = YES;
				GCC_WARN_UNINITIALIZED_AUTOS = YES_AGGRESSIVE;
				GCC_WARN_UNUSED_FUNCTION = YES;
				GCC_WARN_UNUSED_VARIABLE = YES;
				IPHONEOS_DEPLOYMENT_TARGET = 9.2;
				MTL_ENABLE_DEBUG_INFO = YES;
				ONLY_ACTIVE_ARCH = YES;
				SDKROOT = iphoneos;
				TARGETED_DEVICE_FAMILY = "1,2";
			};
			name = Debug;
		};
		CB8DE7CD1C4BCCCE004D8C67 /* Release */ = {
			isa = XCBuildConfiguration;
			buildSettings = {
				ALWAYS_SEARCH_USER_PATHS = NO;
				CLANG_CXX_LANGUAGE_STANDARD = "gnu++0x";
				CLANG_CXX_LIBRARY = "libc++";
				CLANG_ENABLE_MODULES = YES;
				CLANG_ENABLE_OBJC_ARC = YES;
				CLANG_WARN_BOOL_CONVERSION = YES;
				CLANG_WARN_CONSTANT_CONVERSION = YES;
				CLANG_WARN_DIRECT_OBJC_ISA_USAGE = YES_ERROR;
				CLANG_WARN_EMPTY_BODY = YES;
				CLANG_WARN_ENUM_CONVERSION = YES;
				CLANG_WARN_INT_CONVERSION = YES;
				CLANG_WARN_OBJC_ROOT_CLASS = YES_ERROR;
				CLANG_WARN_UNREACHABLE_CODE = YES;
				CLANG_WARN__DUPLICATE_METHOD_MATCH = YES;
				"CODE_SIGN_IDENTITY[sdk=iphoneos*]" = "iPhone Developer";
				COPY_PHASE_STRIP = NO;
				DEBUG_INFORMATION_FORMAT = "dwarf-with-dsym";
				ENABLE_NS_ASSERTIONS = NO;
				ENABLE_STRICT_OBJC_MSGSEND = YES;
				GCC_C_LANGUAGE_STANDARD = gnu99;
				GCC_NO_COMMON_BLOCKS = YES;
				GCC_WARN_64_TO_32_BIT_CONVERSION = YES;
				GCC_WARN_ABOUT_RETURN_TYPE = YES_ERROR;
				GCC_WARN_UNDECLARED_SELECTOR = YES;
				GCC_WARN_UNINITIALIZED_AUTOS = YES_AGGRESSIVE;
				GCC_WARN_UNUSED_FUNCTION = YES;
				GCC_WARN_UNUSED_VARIABLE = YES;
				IPHONEOS_DEPLOYMENT_TARGET = 9.2;
				MTL_ENABLE_DEBUG_INFO = NO;
				SDKROOT = iphoneos;
				TARGETED_DEVICE_FAMILY = "1,2";
				VALIDATE_PRODUCT = YES;
			};
			name = Release;
		};
		CB8DE7CF1C4BCCCE004D8C67 /* Debug */ = {
			isa = XCBuildConfiguration;
			buildSettings = {
				ASSETCATALOG_COMPILER_APPICON_NAME = AppIcon;
				ASSETCATALOG_COMPILER_LAUNCHIMAGE_NAME = LaunchImage;
				CODE_SIGN_IDENTITY = "iPhone Developer";
				"CODE_SIGN_IDENTITY[sdk=iphoneos*]" = "iPhone Developer";
				INFOPLIST_FILE = BoxeeRemote/Info.plist;
				IPHONEOS_DEPLOYMENT_TARGET = 6.1;
				LD_RUNPATH_SEARCH_PATHS = "$(inherited) @executable_path/Frameworks";
				PRODUCT_BUNDLE_IDENTIFIER = br.com.dstreams.BoxeeRemote;
				PRODUCT_NAME = "$(TARGET_NAME)";
				PROVISIONING_PROFILE = "";
				TARGETED_DEVICE_FAMILY = "1,2";
			};
			name = Debug;
		};
		CB8DE7D01C4BCCCE004D8C67 /* Release */ = {
			isa = XCBuildConfiguration;
			buildSettings = {
				ASSETCATALOG_COMPILER_APPICON_NAME = AppIcon;
				ASSETCATALOG_COMPILER_LAUNCHIMAGE_NAME = LaunchImage;
				CODE_SIGN_IDENTITY = "iPhone Developer";
				"CODE_SIGN_IDENTITY[sdk=iphoneos*]" = "iPhone Developer";
				INFOPLIST_FILE = BoxeeRemote/Info.plist;
				IPHONEOS_DEPLOYMENT_TARGET = 6.1;
				LD_RUNPATH_SEARCH_PATHS = "$(inherited) @executable_path/Frameworks";
				PRODUCT_BUNDLE_IDENTIFIER = br.com.dstreams.BoxeeRemote;
				PRODUCT_NAME = "$(TARGET_NAME)";
				PROVISIONING_PROFILE = "";
				TARGETED_DEVICE_FAMILY = "1,2";
			};
			name = Release;
		};
		CBD0FBE41CA731F500C26FF3 /* Debug */ = {
			isa = XCBuildConfiguration;
			buildSettings = {
				ASSETCATALOG_COMPILER_APPICON_NAME = AppIcon;
				ASSETCATALOG_COMPILER_LAUNCHIMAGE_NAME = LaunchImage;
				CODE_SIGN_IDENTITY = "iPhone Developer";
				"CODE_SIGN_IDENTITY[sdk=iphoneos*]" = "iPhone Developer";
				INFOPLIST_FILE = BoxeeRemote/Info.plist;
				IPHONEOS_DEPLOYMENT_TARGET = 9.2;
				LD_RUNPATH_SEARCH_PATHS = "$(inherited) @executable_path/Frameworks";
				PRODUCT_BUNDLE_IDENTIFIER = br.com.dstreams.boxeeRemoteControl;
				PRODUCT_NAME = "$(TARGET_NAME)";
				PROVISIONING_PROFILE = "";
				TARGETED_DEVICE_FAMILY = "1,2";
			};
			name = Debug;
		};
		CBD0FBE51CA731F500C26FF3 /* Release */ = {
			isa = XCBuildConfiguration;
			buildSettings = {
				ASSETCATALOG_COMPILER_APPICON_NAME = AppIcon;
				ASSETCATALOG_COMPILER_LAUNCHIMAGE_NAME = LaunchImage;
				CODE_SIGN_IDENTITY = "iPhone Developer";
				"CODE_SIGN_IDENTITY[sdk=iphoneos*]" = "iPhone Developer";
				INFOPLIST_FILE = BoxeeRemote/Info.plist;
				IPHONEOS_DEPLOYMENT_TARGET = 9.2;
				LD_RUNPATH_SEARCH_PATHS = "$(inherited) @executable_path/Frameworks";
				PRODUCT_BUNDLE_IDENTIFIER = br.com.dstreams.boxeeRemoteControl;
				PRODUCT_NAME = "$(TARGET_NAME)";
				PROVISIONING_PROFILE = "";
				TARGETED_DEVICE_FAMILY = "1,2";
			};
			name = Release;
		};
/* End XCBuildConfiguration section */

/* Begin XCConfigurationList section */
		CB8DE7B21C4BCCCC004D8C67 /* Build configuration list for PBXProject "BoxeeRemote" */ = {
			isa = XCConfigurationList;
			buildConfigurations = (
				CB8DE7CC1C4BCCCE004D8C67 /* Debug */,
				CB8DE7CD1C4BCCCE004D8C67 /* Release */,
			);
			defaultConfigurationIsVisible = 0;
			defaultConfigurationName = Release;
		};
		CB8DE7CE1C4BCCCE004D8C67 /* Build configuration list for PBXNativeTarget "BoxeeRemote iPod_iOS6" */ = {
			isa = XCConfigurationList;
			buildConfigurations = (
				CB8DE7CF1C4BCCCE004D8C67 /* Debug */,
				CB8DE7D01C4BCCCE004D8C67 /* Release */,
			);
			defaultConfigurationIsVisible = 0;
			defaultConfigurationName = Release;
		};
		CBD0FBE31CA731F500C26FF3 /* Build configuration list for PBXNativeTarget "BoxeeRemote iPhone5c" */ = {
			isa = XCConfigurationList;
			buildConfigurations = (
				CBD0FBE41CA731F500C26FF3 /* Debug */,
				CBD0FBE51CA731F500C26FF3 /* Release */,
			);
			defaultConfigurationIsVisible = 0;
			defaultConfigurationName = Release;
		};
/* End XCConfigurationList section */
	};
	rootObject = CB8DE7AF1C4BCCCC004D8C67 /* Project object */;
}
