// !$*UTF8*$!
{
	archiveVersion = 1;
	classes = {
	};
	objectVersion = 46;
	objects = {

/* Begin PBXBuildFile section */
		BB293FD991C06F9CB70CDA22 /* libPods-BoxeeRemote.a in Frameworks */ = {isa = PBXBuildFile; fileRef = C110B21E84DF8025A15EC5B5 /* libPods-BoxeeRemote.a */; };
		CB0512A91CBAA9D60015780A /* StandardModeViewController.m in Sources */ = {isa = PBXBuildFile; fileRef = CB0512A71CBAA9D50015780A /* StandardModeViewController.m */; };
		CB0512AB1CBAA9D60015780A /* StandardModeViewController.xib in Resources */ = {isa = PBXBuildFile; fileRef = CB0512A81CBAA9D50015780A /* StandardModeViewController.xib */; };
		CB0512AF1CBAD34F0015780A /* BoxeeConnection.m in Sources */ = {isa = PBXBuildFile; fileRef = CB0512AE1CBAD34F0015780A /* BoxeeConnection.m */; };
		CB0512B21CBB17D20015780A /* BoxeeState.m in Sources */ = {isa = PBXBuildFile; fileRef = CB0512B11CBB17D20015780A /* BoxeeState.m */; };
		CB1F79A31CBF16FE0022A5C8 /* LastSuccessfulConnectionStore.m in Sources */ = {isa = PBXBuildFile; fileRef = CB1F79A21CBF16FE0022A5C8 /* LastSuccessfulConnectionStore.m */; };
		CB212D081CDF7FE50097BDAB /* BoxeeScanner.m in Sources */ = {isa = PBXBuildFile; fileRef = CB212D071CDF7FE50097BDAB /* BoxeeScanner.m */; };
		CB34DB371CA81FDF00B9D5C3 /* ConnectionSettingsViewController.xib in Resources */ = {isa = PBXBuildFile; fileRef = CB34DB3A1CA81FDF00B9D5C3 /* ConnectionSettingsViewController.xib */; };
		CB3CA7B71C6917EB007D48EA /* ConnectionSettingsViewController.m in Sources */ = {isa = PBXBuildFile; fileRef = CB3CA7B61C6917EB007D48EA /* ConnectionSettingsViewController.m */; };
		CB66515D1C7A400D004ABF96 /* BoxeeConnectionManager.m in Sources */ = {isa = PBXBuildFile; fileRef = CB66515C1C7A400D004ABF96 /* BoxeeConnectionManager.m */; };
		CB879BFA1C4C60F800B1CDB9 /* AppBaseViewController.m in Sources */ = {isa = PBXBuildFile; fileRef = CB879BF91C4C60F800B1CDB9 /* AppBaseViewController.m */; };
		CB8DE7BC1C4BCCCD004D8C67 /* main.m in Sources */ = {isa = PBXBuildFile; fileRef = CB8DE7BB1C4BCCCD004D8C67 /* main.m */; };
		CB8DE7BF1C4BCCCD004D8C67 /* AppDelegate.m in Sources */ = {isa = PBXBuildFile; fileRef = CB8DE7BE1C4BCCCD004D8C67 /* AppDelegate.m */; };
		CB90BE011CB998DA0037B5E0 /* Localizable.strings in Resources */ = {isa = PBXBuildFile; fileRef = CB90BDFF1CB998DA0037B5E0 /* Localizable.strings */; };
		CBA0634C1C4BE74600CEBCA7 /* appAssets.xcassets in Resources */ = {isa = PBXBuildFile; fileRef = CBA0634B1C4BE74600CEBCA7 /* appAssets.xcassets */; };
		CBCF61551CF107B500AFA903 /* BoxeeScanInfo.m in Sources */ = {isa = PBXBuildFile; fileRef = CBCF61541CF107B500AFA903 /* BoxeeScanInfo.m */; };
		CBD5CEE41C9465FD005966BC /* ViewControllerRouter.m in Sources */ = {isa = PBXBuildFile; fileRef = CBD5CEE31C9465FD005966BC /* ViewControllerRouter.m */; };
/* End PBXBuildFile section */

/* Begin PBXFileReference section */
		0D00F11864D0B5A071158533 /* Pods-BoxeeRemote.release.xcconfig */ = {isa = PBXFileReference; includeInIndex = 1; lastKnownFileType = text.xcconfig; name = "Pods-BoxeeRemote.release.xcconfig"; path = "Pods/Target Support Files/Pods-BoxeeRemote/Pods-BoxeeRemote.release.xcconfig"; sourceTree = "<group>"; };
		C110B21E84DF8025A15EC5B5 /* libPods-BoxeeRemote.a */ = {isa = PBXFileReference; explicitFileType = archive.ar; includeInIndex = 0; path = "libPods-BoxeeRemote.a"; sourceTree = BUILT_PRODUCTS_DIR; };
		CB0512A61CBAA9D50015780A /* StandardModeViewController.h */ = {isa = PBXFileReference; fileEncoding = 4; lastKnownFileType = sourcecode.c.h; path = StandardModeViewController.h; sourceTree = "<group>"; };
		CB0512A71CBAA9D50015780A /* StandardModeViewController.m */ = {isa = PBXFileReference; fileEncoding = 4; lastKnownFileType = sourcecode.c.objc; path = StandardModeViewController.m; sourceTree = "<group>"; };
		CB0512A81CBAA9D50015780A /* StandardModeViewController.xib */ = {isa = PBXFileReference; fileEncoding = 4; lastKnownFileType = file.xib; path = StandardModeViewController.xib; sourceTree = "<group>"; };
		CB0512AD1CBACFBB0015780A /* BoxeeKeyCode.h */ = {isa = PBXFileReference; lastKnownFileType = sourcecode.c.h; path = BoxeeKeyCode.h; sourceTree = "<group>"; };
		CB0512AE1CBAD34F0015780A /* BoxeeConnection.m */ = {isa = PBXFileReference; fileEncoding = 4; lastKnownFileType = sourcecode.c.objc; path = BoxeeConnection.m; sourceTree = "<group>"; };
		CB0512B11CBB17D20015780A /* BoxeeState.m */ = {isa = PBXFileReference; fileEncoding = 4; lastKnownFileType = sourcecode.c.objc; path = BoxeeState.m; sourceTree = "<group>"; };
		CB0BE1FD1D4223D600E29704 /* pt-BR */ = {isa = PBXFileReference; lastKnownFileType = text.plist.strings; name = "pt-BR"; path = "pt-BR.lproj/ConnectionSettingsViewController.strings"; sourceTree = "<group>"; };
		CB1F79A11CBF16A50022A5C8 /* LastSuccessfulConnectionStore.h */ = {isa = PBXFileReference; lastKnownFileType = sourcecode.c.h; path = LastSuccessfulConnectionStore.h; sourceTree = "<group>"; };
		CB1F79A21CBF16FE0022A5C8 /* LastSuccessfulConnectionStore.m */ = {isa = PBXFileReference; fileEncoding = 4; lastKnownFileType = sourcecode.c.objc; path = LastSuccessfulConnectionStore.m; sourceTree = "<group>"; };
		CB212D051CDF53790097BDAB /* BoxeeScanningDelegate.h */ = {isa = PBXFileReference; lastKnownFileType = sourcecode.c.h; path = BoxeeScanningDelegate.h; sourceTree = "<group>"; };
		CB212D061CDF565A0097BDAB /* BoxeeScanner.h */ = {isa = PBXFileReference; lastKnownFileType = sourcecode.c.h; path = BoxeeScanner.h; sourceTree = "<group>"; };
		CB212D071CDF7FE50097BDAB /* BoxeeScanner.m */ = {isa = PBXFileReference; fileEncoding = 4; lastKnownFileType = sourcecode.c.objc; path = BoxeeScanner.m; sourceTree = "<group>"; };
		CB3CA7B51C6917EB007D48EA /* ConnectionSettingsViewController.h */ = {isa = PBXFileReference; fileEncoding = 4; lastKnownFileType = sourcecode.c.h; path = ConnectionSettingsViewController.h; sourceTree = "<group>"; };
		CB3CA7B61C6917EB007D48EA /* ConnectionSettingsViewController.m */ = {isa = PBXFileReference; fileEncoding = 4; lastKnownFileType = sourcecode.c.objc; path = ConnectionSettingsViewController.m; sourceTree = "<group>"; };
		CB6651581C7A3B40004ABF96 /* BoxeeState.h */ = {isa = PBXFileReference; lastKnownFileType = sourcecode.c.h; path = BoxeeState.h; sourceTree = "<group>"; };
		CB6651591C7A3DA6004ABF96 /* BoxeeConnection.h */ = {isa = PBXFileReference; lastKnownFileType = sourcecode.c.h; path = BoxeeConnection.h; sourceTree = "<group>"; };
		CB66515B1C7A3ED7004ABF96 /* BoxeeConnectionManager.h */ = {isa = PBXFileReference; lastKnownFileType = sourcecode.c.h; path = BoxeeConnectionManager.h; sourceTree = "<group>"; };
		CB66515C1C7A400D004ABF96 /* BoxeeConnectionManager.m */ = {isa = PBXFileReference; fileEncoding = 4; lastKnownFileType = sourcecode.c.objc; path = BoxeeConnectionManager.m; sourceTree = "<group>"; };
		CB66515F1C7A4EA7004ABF96 /* BoxeeConnectionDelegate.h */ = {isa = PBXFileReference; lastKnownFileType = sourcecode.c.h; path = BoxeeConnectionDelegate.h; sourceTree = "<group>"; };
		CB879BF81C4C60F800B1CDB9 /* AppBaseViewController.h */ = {isa = PBXFileReference; fileEncoding = 4; lastKnownFileType = sourcecode.c.h; path = AppBaseViewController.h; sourceTree = "<group>"; };
		CB879BF91C4C60F800B1CDB9 /* AppBaseViewController.m */ = {isa = PBXFileReference; fileEncoding = 4; lastKnownFileType = sourcecode.c.objc; path = AppBaseViewController.m; sourceTree = "<group>"; };
		CB8DE7B71C4BCCCD004D8C67 /* BoxeeRemote.app */ = {isa = PBXFileReference; explicitFileType = wrapper.application; includeInIndex = 0; path = BoxeeRemote.app; sourceTree = BUILT_PRODUCTS_DIR; };
		CB8DE7BB1C4BCCCD004D8C67 /* main.m */ = {isa = PBXFileReference; lastKnownFileType = sourcecode.c.objc; path = main.m; sourceTree = "<group>"; };
		CB8DE7BD1C4BCCCD004D8C67 /* AppDelegate.h */ = {isa = PBXFileReference; lastKnownFileType = sourcecode.c.h; path = AppDelegate.h; sourceTree = "<group>"; };
		CB8DE7BE1C4BCCCD004D8C67 /* AppDelegate.m */ = {isa = PBXFileReference; lastKnownFileType = sourcecode.c.objc; path = AppDelegate.m; sourceTree = "<group>"; };
		CB8DE7CB1C4BCCCE004D8C67 /* Info.plist */ = {isa = PBXFileReference; lastKnownFileType = text.plist.xml; path = Info.plist; sourceTree = "<group>"; };
		CB90BE001CB998DA0037B5E0 /* Base */ = {isa = PBXFileReference; lastKnownFileType = text.plist.strings; name = Base; path = Base.lproj/Localizable.strings; sourceTree = "<group>"; };
		CB90BE021CB998E80037B5E0 /* pt-BR */ = {isa = PBXFileReference; lastKnownFileType = text.plist.strings; name = "pt-BR"; path = "pt-BR.lproj/Localizable.strings"; sourceTree = "<group>"; };
		CBA0634B1C4BE74600CEBCA7 /* appAssets.xcassets */ = {isa = PBXFileReference; lastKnownFileType = folder.assetcatalog; path = appAssets.xcassets; sourceTree = "<group>"; };
		CBCF61531CF0F5E600AFA903 /* BoxeeScanInfo.h */ = {isa = PBXFileReference; lastKnownFileType = sourcecode.c.h; path = BoxeeScanInfo.h; sourceTree = "<group>"; };
		CBCF61541CF107B500AFA903 /* BoxeeScanInfo.m */ = {isa = PBXFileReference; fileEncoding = 4; lastKnownFileType = sourcecode.c.objc; path = BoxeeScanInfo.m; sourceTree = "<group>"; };
		CBD5CEE21C94656D005966BC /* ViewControllerRouter.h */ = {isa = PBXFileReference; lastKnownFileType = sourcecode.c.h; path = ViewControllerRouter.h; sourceTree = "<group>"; };
		CBD5CEE31C9465FD005966BC /* ViewControllerRouter.m */ = {isa = PBXFileReference; fileEncoding = 4; lastKnownFileType = sourcecode.c.objc; path = ViewControllerRouter.m; sourceTree = "<group>"; };
		CBE14F671CA8746200C76936 /* Base */ = {isa = PBXFileReference; lastKnownFileType = file.xib; name = Base; path = Base.lproj/ConnectionSettingsViewController.xib; sourceTree = "<group>"; };
		F9CC0F636B0782F693572064 /* Pods-BoxeeRemote.debug.xcconfig */ = {isa = PBXFileReference; includeInIndex = 1; lastKnownFileType = text.xcconfig; name = "Pods-BoxeeRemote.debug.xcconfig"; path = "Pods/Target Support Files/Pods-BoxeeRemote/Pods-BoxeeRemote.debug.xcconfig"; sourceTree = "<group>"; };
/* End PBXFileReference section */

/* Begin PBXFrameworksBuildPhase section */
		CB8DE7B41C4BCCCC004D8C67 /* Frameworks */ = {
			isa = PBXFrameworksBuildPhase;
			buildActionMask = 2147483647;
			files = (
				BB293FD991C06F9CB70CDA22 /* libPods-BoxeeRemote.a in Frameworks */,
			);
			runOnlyForDeploymentPostprocessing = 0;
		};
/* End PBXFrameworksBuildPhase section */

/* Begin PBXGroup section */
		2B3A7B33E50583BAAE2C119B /* Frameworks */ = {
			isa = PBXGroup;
			children = (
				C110B21E84DF8025A15EC5B5 /* libPods-BoxeeRemote.a */,
			);
			name = Frameworks;
			sourceTree = "<group>";
		};
		745F22D50753A8A645808BBA /* Pods */ = {
			isa = PBXGroup;
			children = (
				F9CC0F636B0782F693572064 /* Pods-BoxeeRemote.debug.xcconfig */,
				0D00F11864D0B5A071158533 /* Pods-BoxeeRemote.release.xcconfig */,
			);
			name = Pods;
			sourceTree = "<group>";
		};
		CB1F79A01CBF16730022A5C8 /* Stores */ = {
			isa = PBXGroup;
			children = (
				CB1F79A11CBF16A50022A5C8 /* LastSuccessfulConnectionStore.h */,
				CB1F79A21CBF16FE0022A5C8 /* LastSuccessfulConnectionStore.m */,
			);
			path = Stores;
			sourceTree = "<group>";
		};
		CB66515A1C7A3EA9004ABF96 /* Services */ = {
			isa = PBXGroup;
			children = (
				CB66515B1C7A3ED7004ABF96 /* BoxeeConnectionManager.h */,
				CB66515C1C7A400D004ABF96 /* BoxeeConnectionManager.m */,
				CB212D061CDF565A0097BDAB /* BoxeeScanner.h */,
				CB212D071CDF7FE50097BDAB /* BoxeeScanner.m */,
			);
			path = Services;
			sourceTree = "<group>";
		};
		CB66515E1C7A4B34004ABF96 /* Delegates */ = {
			isa = PBXGroup;
			children = (
				CB66515F1C7A4EA7004ABF96 /* BoxeeConnectionDelegate.h */,
				CB212D051CDF53790097BDAB /* BoxeeScanningDelegate.h */,
			);
			path = Delegates;
			sourceTree = "<group>";
		};
		CB86B7101CB020940069530D /* Strings */ = {
			isa = PBXGroup;
			children = (
				CB90BDFF1CB998DA0037B5E0 /* Localizable.strings */,
			);
			path = Strings;
			sourceTree = "<group>";
		};
		CB8DE7AE1C4BCCCC004D8C67 = {
			isa = PBXGroup;
			children = (
				CB8DE7B91C4BCCCD004D8C67 /* BoxeeRemote */,
				CB8DE7B81C4BCCCD004D8C67 /* Products */,
				745F22D50753A8A645808BBA /* Pods */,
				2B3A7B33E50583BAAE2C119B /* Frameworks */,
			);
			sourceTree = "<group>";
		};
		CB8DE7B81C4BCCCD004D8C67 /* Products */ = {
			isa = PBXGroup;
			children = (
				CB8DE7B71C4BCCCD004D8C67 /* BoxeeRemote.app */,
			);
			name = Products;
			sourceTree = "<group>";
		};
		CB8DE7B91C4BCCCD004D8C67 /* BoxeeRemote */ = {
			isa = PBXGroup;
			children = (
				CBA063441C4BDD5600CEBCA7 /* Controllers */,
				CB66515E1C7A4B34004ABF96 /* Delegates */,
				CBA063451C4BDD8500CEBCA7 /* Models */,
				CBA063461C4BDDB200CEBCA7 /* Resources */,
				CB66515A1C7A3EA9004ABF96 /* Services */,
				CB1F79A01CBF16730022A5C8 /* Stores */,
				CB8DE7BD1C4BCCCD004D8C67 /* AppDelegate.h */,
				CB8DE7BE1C4BCCCD004D8C67 /* AppDelegate.m */,
				CB8DE7CB1C4BCCCE004D8C67 /* Info.plist */,
				CB8DE7BB1C4BCCCD004D8C67 /* main.m */,
			);
			path = BoxeeRemote;
			sourceTree = "<group>";
		};
		CBA063441C4BDD5600CEBCA7 /* Controllers */ = {
			isa = PBXGroup;
			children = (
				CB879BF81C4C60F800B1CDB9 /* AppBaseViewController.h */,
				CB879BF91C4C60F800B1CDB9 /* AppBaseViewController.m */,
				CB3CA7B51C6917EB007D48EA /* ConnectionSettingsViewController.h */,
				CB3CA7B61C6917EB007D48EA /* ConnectionSettingsViewController.m */,
				CB34DB3A1CA81FDF00B9D5C3 /* ConnectionSettingsViewController.xib */,
				CB0512A61CBAA9D50015780A /* StandardModeViewController.h */,
				CB0512A71CBAA9D50015780A /* StandardModeViewController.m */,
				CB0512A81CBAA9D50015780A /* StandardModeViewController.xib */,
				CBD5CEE21C94656D005966BC /* ViewControllerRouter.h */,
				CBD5CEE31C9465FD005966BC /* ViewControllerRouter.m */,
			);
			path = Controllers;
			sourceTree = "<group>";
		};
		CBA063451C4BDD8500CEBCA7 /* Models */ = {
			isa = PBXGroup;
			children = (
				CB6651591C7A3DA6004ABF96 /* BoxeeConnection.h */,
				CB0512AE1CBAD34F0015780A /* BoxeeConnection.m */,
				CB0512AD1CBACFBB0015780A /* BoxeeKeyCode.h */,
				CBCF61531CF0F5E600AFA903 /* BoxeeScanInfo.h */,
				CBCF61541CF107B500AFA903 /* BoxeeScanInfo.m */,
				CB6651581C7A3B40004ABF96 /* BoxeeState.h */,
				CB0512B11CBB17D20015780A /* BoxeeState.m */,
			);
			path = Models;
			sourceTree = "<group>";
		};
		CBA063461C4BDDB200CEBCA7 /* Resources */ = {
			isa = PBXGroup;
			children = (
				CB86B7101CB020940069530D /* Strings */,
				CBA063471C4BDDB200CEBCA7 /* Catalogs */,
			);
			path = Resources;
			sourceTree = "<group>";
		};
		CBA063471C4BDDB200CEBCA7 /* Catalogs */ = {
			isa = PBXGroup;
			children = (
				CBA0634B1C4BE74600CEBCA7 /* appAssets.xcassets */,
			);
			path = Catalogs;
			sourceTree = "<group>";
		};
/* End PBXGroup section */

/* Begin PBXNativeTarget section */
		CB8DE7B61C4BCCCC004D8C67 /* BoxeeRemote */ = {
			isa = PBXNativeTarget;
			buildConfigurationList = CB8DE7CE1C4BCCCE004D8C67 /* Build configuration list for PBXNativeTarget "BoxeeRemote" */;
			buildPhases = (
				8A85CA173F01C70894F4CDD0 /* [CP] Check Pods Manifest.lock */,
				CB8DE7B31C4BCCCC004D8C67 /* Sources */,
				CB8DE7B41C4BCCCC004D8C67 /* Frameworks */,
				CB8DE7B51C4BCCCC004D8C67 /* Resources */,
				49FBAF740F36E00E6798BEBA /* [CP] Embed Pods Frameworks */,
				F25FA31F19EE5CB2923FD72C /* [CP] Copy Pods Resources */,
			);
			buildRules = (
			);
			dependencies = (
			);
			name = BoxeeRemote;
			productName = BoxeeRemote;
			productReference = CB8DE7B71C4BCCCD004D8C67 /* BoxeeRemote.app */;
			productType = "com.apple.product-type.application";
		};
/* End PBXNativeTarget section */

/* Begin PBXProject section */
		CB8DE7AF1C4BCCCC004D8C67 /* Project object */ = {
			isa = PBXProject;
			attributes = {
				CLASSPREFIX = "";
				LastUpgradeCheck = 0820;
				ORGANIZATIONNAME = "Digital Streams";
				TargetAttributes = {
					CB8DE7B61C4BCCCC004D8C67 = {
						CreatedOnToolsVersion = 7.2;
						DevelopmentTeam = 7G8JJ3WHW6;
					};
				};
			};
			buildConfigurationList = CB8DE7B21C4BCCCC004D8C67 /* Build configuration list for PBXProject "BoxeeRemote" */;
			compatibilityVersion = "Xcode 3.2";
			developmentRegion = English;
			hasScannedForEncodings = 0;
			knownRegions = (
				en,
				Base,
				"pt-BR",
			);
			mainGroup = CB8DE7AE1C4BCCCC004D8C67;
			productRefGroup = CB8DE7B81C4BCCCD004D8C67 /* Products */;
			projectDirPath = "";
			projectRoot = "";
			targets = (
				CB8DE7B61C4BCCCC004D8C67 /* BoxeeRemote */,
			);
		};
/* End PBXProject section */

/* Begin PBXResourcesBuildPhase section */
		CB8DE7B51C4BCCCC004D8C67 /* Resources */ = {
			isa = PBXResourcesBuildPhase;
			buildActionMask = 2147483647;
			files = (
				CB0512AB1CBAA9D60015780A /* StandardModeViewController.xib in Resources */,
				CB34DB371CA81FDF00B9D5C3 /* ConnectionSettingsViewController.xib in Resources */,
				CB90BE011CB998DA0037B5E0 /* Localizable.strings in Resources */,
				CBA0634C1C4BE74600CEBCA7 /* appAssets.xcassets in Resources */,
			);
			runOnlyForDeploymentPostprocessing = 0;
		};
/* End PBXResourcesBuildPhase section */

/* Begin PBXShellScriptBuildPhase section */
		49FBAF740F36E00E6798BEBA /* [CP] Embed Pods Frameworks */ = {
			isa = PBXShellScriptBuildPhase;
			buildActionMask = 2147483647;
			files = (
			);
			inputPaths = (
			);
			name = "[CP] Embed Pods Frameworks";
			outputPaths = (
			);
			runOnlyForDeploymentPostprocessing = 0;
			shellPath = /bin/sh;
			shellScript = "\"${SRCROOT}/Pods/Target Support Files/Pods-BoxeeRemote/Pods-BoxeeRemote-frameworks.sh\"\n";
			showEnvVarsInLog = 0;
		};
		8A85CA173F01C70894F4CDD0 /* [CP] Check Pods Manifest.lock */ = {
			isa = PBXShellScriptBuildPhase;
			buildActionMask = 2147483647;
			files = (
			);
			inputPaths = (
			);
			name = "[CP] Check Pods Manifest.lock";
			outputPaths = (
			);
			runOnlyForDeploymentPostprocessing = 0;
			shellPath = /bin/sh;
			shellScript = "diff \"${PODS_PODFILE_DIR_PATH}/Podfile.lock\" \"${PODS_ROOT}/Manifest.lock\" > /dev/null\nif [ $? != 0 ] ; then\n    # print error to STDERR\n    echo \"error: The sandbox is not in sync with the Podfile.lock. Run 'pod install' or update your CocoaPods installation.\" >&2\n    exit 1\nfi\n";
			showEnvVarsInLog = 0;
		};
		F25FA31F19EE5CB2923FD72C /* [CP] Copy Pods Resources */ = {
			isa = PBXShellScriptBuildPhase;
			buildActionMask = 2147483647;
			files = (
			);
			inputPaths = (
			);
			name = "[CP] Copy Pods Resources";
			outputPaths = (
			);
			runOnlyForDeploymentPostprocessing = 0;
			shellPath = /bin/sh;
			shellScript = "\"${SRCROOT}/Pods/Target Support Files/Pods-BoxeeRemote/Pods-BoxeeRemote-resources.sh\"\n";
			showEnvVarsInLog = 0;
		};
/* End PBXShellScriptBuildPhase section */

/* Begin PBXSourcesBuildPhase section */
		CB8DE7B31C4BCCCC004D8C67 /* Sources */ = {
			isa = PBXSourcesBuildPhase;
			buildActionMask = 2147483647;
			files = (
				CB1F79A31CBF16FE0022A5C8 /* LastSuccessfulConnectionStore.m in Sources */,
				CBD5CEE41C9465FD005966BC /* ViewControllerRouter.m in Sources */,
				CB0512AF1CBAD34F0015780A /* BoxeeConnection.m in Sources */,
				CB66515D1C7A400D004ABF96 /* BoxeeConnectionManager.m in Sources */,
				CB0512B21CBB17D20015780A /* BoxeeState.m in Sources */,
				CB0512A91CBAA9D60015780A /* StandardModeViewController.m in Sources */,
				CBCF61551CF107B500AFA903 /* BoxeeScanInfo.m in Sources */,
				CB212D081CDF7FE50097BDAB /* BoxeeScanner.m in Sources */,
				CB879BFA1C4C60F800B1CDB9 /* AppBaseViewController.m in Sources */,
				CB3CA7B71C6917EB007D48EA /* ConnectionSettingsViewController.m in Sources */,
				CB8DE7BF1C4BCCCD004D8C67 /* AppDelegate.m in Sources */,
				CB8DE7BC1C4BCCCD004D8C67 /* main.m in Sources */,
			);
			runOnlyForDeploymentPostprocessing = 0;
		};
/* End PBXSourcesBuildPhase section */

/* Begin PBXVariantGroup section */
		CB34DB3A1CA81FDF00B9D5C3 /* ConnectionSettingsViewController.xib */ = {
			isa = PBXVariantGroup;
			children = (
				CBE14F671CA8746200C76936 /* Base */,
				CB0BE1FD1D4223D600E29704 /* pt-BR */,
			);
			name = ConnectionSettingsViewController.xib;
			sourceTree = "<group>";
		};
		CB90BDFF1CB998DA0037B5E0 /* Localizable.strings */ = {
			isa = PBXVariantGroup;
			children = (
				CB90BE001CB998DA0037B5E0 /* Base */,
				CB90BE021CB998E80037B5E0 /* pt-BR */,
			);
			name = Localizable.strings;
			sourceTree = "<group>";
		};
/* End PBXVariantGroup section */

/* Begin XCBuildConfiguration section */
		CB8DE7CC1C4BCCCE004D8C67 /* Debug */ = {
			isa = XCBuildConfiguration;
			buildSettings = {
				ALWAYS_SEARCH_USER_PATHS = NO;
				CLANG_ANALYZER_LOCALIZABILITY_NONLOCALIZED = YES;
				CLANG_CXX_LANGUAGE_STANDARD = "gnu++0x";
				CLANG_CXX_LIBRARY = "libc++";
				CLANG_ENABLE_MODULES = YES;
				CLANG_ENABLE_OBJC_ARC = YES;
				CLANG_WARN_BOOL_CONVERSION = YES;
				CLANG_WARN_CONSTANT_CONVERSION = YES;
				CLANG_WARN_DIRECT_OBJC_ISA_USAGE = YES_ERROR;
				CLANG_WARN_EMPTY_BODY = YES;
				CLANG_WARN_ENUM_CONVERSION = YES;
				CLANG_WARN_INFINITE_RECURSION = YES;
				CLANG_WARN_INT_CONVERSION = YES;
				CLANG_WARN_OBJC_ROOT_CLASS = YES_ERROR;
				CLANG_WARN_SUSPICIOUS_MOVE = YES;
				CLANG_WARN_UNREACHABLE_CODE = YES;
				CLANG_WARN__DUPLICATE_METHOD_MATCH = YES;
				"CODE_SIGN_IDENTITY[sdk=iphoneos*]" = "iPhone Developer";
				COPY_PHASE_STRIP = NO;
				DEBUG_INFORMATION_FORMAT = dwarf;
				ENABLE_STRICT_OBJC_MSGSEND = YES;
				ENABLE_TESTABILITY = YES;
				GCC_C_LANGUAGE_STANDARD = gnu99;
				GCC_DYNAMIC_NO_PIC = NO;
				GCC_NO_COMMON_BLOCKS = YES;
				GCC_OPTIMIZATION_LEVEL = 0;
				GCC_PREPROCESSOR_DEFINITIONS = (
					"DEBUG=1",
					"$(inherited)",
				);
				GCC_WARN_64_TO_32_BIT_CONVERSION = YES;
				GCC_WARN_ABOUT_RETURN_TYPE = YES_ERROR;
				GCC_WARN_UNDECLARED_SELECTOR = YES;
				GCC_WARN_UNINITIALIZED_AUTOS = YES_AGGRESSIVE;
				GCC_WARN_UNUSED_FUNCTION = YES;
				GCC_WARN_UNUSED_VARIABLE = YES;
				IPHONEOS_DEPLOYMENT_TARGET = 8.0;
				MTL_ENABLE_DEBUG_INFO = YES;
				ONLY_ACTIVE_ARCH = YES;
				SDKROOT = iphoneos;
				TARGETED_DEVICE_FAMILY = "1,2";
			};
			name = Debug;
		};
		CB8DE7CD1C4BCCCE004D8C67 /* Release */ = {
			isa = XCBuildConfiguration;
			buildSettings = {
				ALWAYS_SEARCH_USER_PATHS = NO;
				CLANG_ANALYZER_LOCALIZABILITY_NONLOCALIZED = YES;
				CLANG_CXX_LANGUAGE_STANDARD = "gnu++0x";
				CLANG_CXX_LIBRARY = "libc++";
				CLANG_ENABLE_MODULES = YES;
				CLANG_ENABLE_OBJC_ARC = YES;
				CLANG_WARN_BOOL_CONVERSION = YES;
				CLANG_WARN_CONSTANT_CONVERSION = YES;
				CLANG_WARN_DIRECT_OBJC_ISA_USAGE = YES_ERROR;
				CLANG_WARN_EMPTY_BODY = YES;
				CLANG_WARN_ENUM_CONVERSION = YES;
				CLANG_WARN_INFINITE_RECURSION = YES;
				CLANG_WARN_INT_CONVERSION = YES;
				CLANG_WARN_OBJC_ROOT_CLASS = YES_ERROR;
				CLANG_WARN_SUSPICIOUS_MOVE = YES;
				CLANG_WARN_UNREACHABLE_CODE = YES;
				CLANG_WARN__DUPLICATE_METHOD_MATCH = YES;
				"CODE_SIGN_IDENTITY[sdk=iphoneos*]" = "iPhone Developer";
				COPY_PHASE_STRIP = NO;
				DEBUG_INFORMATION_FORMAT = "dwarf-with-dsym";
				ENABLE_NS_ASSERTIONS = NO;
				ENABLE_STRICT_OBJC_MSGSEND = YES;
				GCC_C_LANGUAGE_STANDARD = gnu99;
				GCC_NO_COMMON_BLOCKS = YES;
				GCC_WARN_64_TO_32_BIT_CONVERSION = YES;
				GCC_WARN_ABOUT_RETURN_TYPE = YES_ERROR;
				GCC_WARN_UNDECLARED_SELECTOR = YES;
				GCC_WARN_UNINITIALIZED_AUTOS = YES_AGGRESSIVE;
				GCC_WARN_UNUSED_FUNCTION = YES;
				GCC_WARN_UNUSED_VARIABLE = YES;
				IPHONEOS_DEPLOYMENT_TARGET = 8.0;
				MTL_ENABLE_DEBUG_INFO = NO;
				SDKROOT = iphoneos;
				TARGETED_DEVICE_FAMILY = "1,2";
				VALIDATE_PRODUCT = YES;
			};
			name = Release;
		};
		CB8DE7CF1C4BCCCE004D8C67 /* Debug */ = {
			isa = XCBuildConfiguration;
			baseConfigurationReference = F9CC0F636B0782F693572064 /* Pods-BoxeeRemote.debug.xcconfig */;
			buildSettings = {
				ASSETCATALOG_COMPILER_APPICON_NAME = AppIcon;
				ASSETCATALOG_COMPILER_LAUNCHIMAGE_NAME = LaunchImage;
				CODE_SIGN_IDENTITY = "iPhone Developer";
				"CODE_SIGN_IDENTITY[sdk=iphoneos*]" = "iPhone Developer";
				DEVELOPMENT_TEAM = 7G8JJ3WHW6;
				INFOPLIST_FILE = BoxeeRemote/Info.plist;
				IPHONEOS_DEPLOYMENT_TARGET = 8.0;
				LD_RUNPATH_SEARCH_PATHS = "$(inherited) @executable_path/Frameworks";
				PRODUCT_BUNDLE_IDENTIFIER = raulcostajunior.BoxeeRemote;
				PRODUCT_NAME = "$(TARGET_NAME)";
				PROVISIONING_PROFILE = "";
				TARGETED_DEVICE_FAMILY = 1;
			};
			name = Debug;
		};
		CB8DE7D01C4BCCCE004D8C67 /* Release */ = {
			isa = XCBuildConfiguration;
			baseConfigurationReference = 0D00F11864D0B5A071158533 /* Pods-BoxeeRemote.release.xcconfig */;
			buildSettings = {
				ASSETCATALOG_COMPILER_APPICON_NAME = AppIcon;
				ASSETCATALOG_COMPILER_LAUNCHIMAGE_NAME = LaunchImage;
				CODE_SIGN_IDENTITY = "iPhone Developer";
				"CODE_SIGN_IDENTITY[sdk=iphoneos*]" = "iPhone Developer";
				DEVELOPMENT_TEAM = 7G8JJ3WHW6;
				INFOPLIST_FILE = BoxeeRemote/Info.plist;
				IPHONEOS_DEPLOYMENT_TARGET = 8.0;
				LD_RUNPATH_SEARCH_PATHS = "$(inherited) @executable_path/Frameworks";
				PRODUCT_BUNDLE_IDENTIFIER = raulcostajunior.BoxeeRemote;
				PRODUCT_NAME = "$(TARGET_NAME)";
				PROVISIONING_PROFILE = "";
				TARGETED_DEVICE_FAMILY = 1;
			};
			name = Release;
		};
/* End XCBuildConfiguration section */

/* Begin XCConfigurationList section */
		CB8DE7B21C4BCCCC004D8C67 /* Build configuration list for PBXProject "BoxeeRemote" */ = {
			isa = XCConfigurationList;
			buildConfigurations = (
				CB8DE7CC1C4BCCCE004D8C67 /* Debug */,
				CB8DE7CD1C4BCCCE004D8C67 /* Release */,
			);
			defaultConfigurationIsVisible = 0;
			defaultConfigurationName = Release;
		};
		CB8DE7CE1C4BCCCE004D8C67 /* Build configuration list for PBXNativeTarget "BoxeeRemote" */ = {
			isa = XCConfigurationList;
			buildConfigurations = (
				CB8DE7CF1C4BCCCE004D8C67 /* Debug */,
				CB8DE7D01C4BCCCE004D8C67 /* Release */,
			);
			defaultConfigurationIsVisible = 0;
			defaultConfigurationName = Release;
		};
/* End XCConfigurationList section */
	};
	rootObject = CB8DE7AF1C4BCCCC004D8C67 /* Project object */;
}
